{
  "lib/eigenlayer-middleware": {
    "tag": {
      "name": "v1.5.0-testnet-final",
      "rev": "dbccc2119e1e63ffdfc5bacda7c60f6c1574c347"
    }
  },
  "lib/forge-std": {
    "tag": {
      "name": "v1.15.0",
      "rev": "0844d7e1fc5e60d77b68e469bff60265f236c398"
    }
  },
  "lib/sp1-contracts": {
    "tag": {
      "name": "v6.0.0",
      "rev": "1b102609d616d760afd6eadfe2def48c88ab9e3b"
    }
  }
}