{
  "lib/eigenlayer-middleware": {
    "rev": "4d63f27247587607beb67f96fdabec4b2c1321ef"
  },
  "lib/forge-std": {
    "rev": "0e7097750918380d84dd3cfdef595bee74dabb70"
  },
  "lib/risc0-ethereum": {
    "rev": "e475fe6c8dcff92fb5e67d6556cb11ba3ab4e494"
  },
  "lib/sp1-contracts": {
    "tag": {
      "name": "v5.0.0",
      "rev": "512b5e029abc27f6e46a3c7eba220dac83ecc306"
    }
  }
}